
Microsoft Visual Studio Solution File, Format Version 12.00
# Visual Studio Version 17
VisualStudioVersion = 17.14.36203.30 d17.14
MinimumVisualStudioVersion = 10.0.40219.1
Project("{FAE04EC0-301F-11D3-BF4B-00C04F79EFBC}") = "EnzuGame", "EnzuGame.csproj", "{4AADCB03-F7EC-3E2A-EF2A-BCA39839EF9E}"
EndProject
Global
	GlobalSection(SolutionConfigurationPlatforms) = preSolution
		Debug|Any CPU = Debug|Any CPU
		Release|Any CPU = Release|Any CPU
	EndGlobalSection
	GlobalSection(ProjectConfigurationPlatforms) = postSolution
		{4AADCB03-F7EC-3E2A-EF2A-BCA39839EF9E}.Debug|Any CPU.ActiveCfg = Debug|Any CPU
		{4AADCB03-F7EC-3E2A-EF2A-BCA39839EF9E}.Debug|Any CPU.Build.0 = Debug|Any CPU
		{4AADCB03-F7EC-3E2A-EF2A-BCA39839EF9E}.Release|Any CPU.ActiveCfg = Release|Any CPU
		{4AADCB03-F7EC-3E2A-EF2A-BCA39839EF9E}.Release|Any CPU.Build.0 = Release|Any CPU
	EndGlobalSection
	GlobalSection(SolutionProperties) = preSolution
		HideSolutionNode = FALSE
	EndGlobalSection
	GlobalSection(ExtensibilityGlobals) = postSolution
		SolutionGuid = {9F07C2A6-1F22-4929-9C36-E3F35EA688B3}
	EndGlobalSection
EndGlobal
